
Microsoft Visual Studio Solution File, Format Version 12.00
# Visual Studio 15
Project("{FAE04EC0-301F-11D3-BF4B-00C04F79EFBC}") = "Hermes.SDK", "Hermes.SDK\Hermes.SDK.csproj", "{A145FB17-924C-4D24-A8CA-922BC15D966A}"
EndProject
Project("{FAE04EC0-301F-11D3-BF4B-00C04F79EFBC}") = "Hermes.Client", "Hermes.Client\Hermes.Client.csproj", "{7DDFFAB8-C5EA-4A9E-8E03-0802D14D351A}"
EndProject
Global
	GlobalSection(SolutionConfigurationPlatforms) = preSolution
		Debug|Any CPU = Debug|Any CPU
		Release|Any CPU = Release|Any CPU
	EndGlobalSection
	GlobalSection(ProjectConfigurationPlatforms) = postSolution
		{A145FB17-924C-4D24-A8CA-922BC15D966A}.Debug|Any CPU.ActiveCfg = Debug|Any CPU
		{A145FB17-924C-4D24-A8CA-922BC15D966A}.Debug|Any CPU.Build.0 = Debug|Any CPU
		{A145FB17-924C-4D24-A8CA-922BC15D966A}.Release|Any CPU.ActiveCfg = Release|Any CPU
		{A145FB17-924C-4D24-A8CA-922BC15D966A}.Release|Any CPU.Build.0 = Release|Any CPU
		{7DDFFAB8-C5EA-4A9E-8E03-0802D14D351A}.Debug|Any CPU.ActiveCfg = Debug|Any CPU
		{7DDFFAB8-C5EA-4A9E-8E03-0802D14D351A}.Debug|Any CPU.Build.0 = Debug|Any CPU
		{7DDFFAB8-C5EA-4A9E-8E03-0802D14D351A}.Release|Any CPU.ActiveCfg = Release|Any CPU
		{7DDFFAB8-C5EA-4A9E-8E03-0802D14D351A}.Release|Any CPU.Build.0 = Release|Any CPU
	EndGlobalSection
EndGlobal
